
Microsoft Visual Studio Solution File, Format Version 12.00
# Visual Studio Version 17
VisualStudioVersion = 17.14.36518.9 d17.14
MinimumVisualStudioVersion = 10.0.40219.1
Project("{FAE04EC0-301F-11D3-BF4B-00C04F79EFBC}") = "Entrevista", "Entrevista\Entrevista.csproj", "{70C6A962-69CB-4F46-8472-50DE6BE98D6F}"
EndProject
Global
	GlobalSection(SolutionConfigurationPlatforms) = preSolution
		Debug|Any CPU = Debug|Any CPU
		Release|Any CPU = Release|Any CPU
	EndGlobalSection
	GlobalSection(ProjectConfigurationPlatforms) = postSolution
		{70C6A962-69CB-4F46-8472-50DE6BE98D6F}.Debug|Any CPU.ActiveCfg = Debug|Any CPU
		{70C6A962-69CB-4F46-8472-50DE6BE98D6F}.Debug|Any CPU.Build.0 = Debug|Any CPU
		{70C6A962-69CB-4F46-8472-50DE6BE98D6F}.Release|Any CPU.ActiveCfg = Release|Any CPU
		{70C6A962-69CB-4F46-8472-50DE6BE98D6F}.Release|Any CPU.Build.0 = Release|Any CPU
	EndGlobalSection
	GlobalSection(SolutionProperties) = preSolution
		HideSolutionNode = FALSE
	EndGlobalSection
	GlobalSection(ExtensibilityGlobals) = postSolution
		SolutionGuid = {01B139BC-D6B0-429F-8501-A1B73CD9865E}
	EndGlobalSection
EndGlobal
